
Microsoft Visual Studio Solution File, Format Version 12.00
# Visual Studio Version 17
VisualStudioVersion = 17.3.32804.467
MinimumVisualStudioVersion = 10.0.40219.1
Project("{FAE04EC0-301F-11D3-BF4B-00C04F79EFBC}") = "HelloWorld", "HelloWorld\HelloWorld.csproj", "{BB00238F-B53E-43CF-9628-883A416E7DC2}"
EndProject
Global
	GlobalSection(SolutionConfigurationPlatforms) = preSolution
		Debug|Any CPU = Debug|Any CPU
		Release|Any CPU = Release|Any CPU
	EndGlobalSection
	GlobalSection(ProjectConfigurationPlatforms) = postSolution
		{BB00238F-B53E-43CF-9628-883A416E7DC2}.Debug|Any CPU.ActiveCfg = Debug|Any CPU
		{BB00238F-B53E-43CF-9628-883A416E7DC2}.Debug|Any CPU.Build.0 = Debug|Any CPU
		{BB00238F-B53E-43CF-9628-883A416E7DC2}.Release|Any CPU.ActiveCfg = Release|Any CPU
		{BB00238F-B53E-43CF-9628-883A416E7DC2}.Release|Any CPU.Build.0 = Release|Any CPU
	EndGlobalSection
	GlobalSection(SolutionProperties) = preSolution
		HideSolutionNode = FALSE
	EndGlobalSection
	GlobalSection(ExtensibilityGlobals) = postSolution
		SolutionGuid = {C512EC1B-3EC5-498E-AEE0-C4708D458E63}
	EndGlobalSection
EndGlobal
